// !$*UTF8*$!
{
	archiveVersion = 1;
	classes = {
	};
	objectVersion = 46;
	objects = {

/* Begin PBXBuildFile section */
		2C00F0821B0B361600AD7B19 /* ResourcePath.mm in Sources */ = {isa = PBXBuildFile; fileRef = 2C00F0811B0B361600AD7B19 /* ResourcePath.mm */; };
		2C00F0851B0B361600AD7B19 /* main.cpp in Sources */ = {isa = PBXBuildFile; fileRef = 2C00F0841B0B361600AD7B19 /* main.cpp */; };
		2C00F0881B0B361600AD7B19 /* cute_image.jpg in Resources */ = {isa = PBXBuildFile; fileRef = 2C00F0871B0B361600AD7B19 /* cute_image.jpg */; };
		2C00F08A1B0B361600AD7B19 /* nice_music.ogg in Resources */ = {isa = PBXBuildFile; fileRef = 2C00F0891B0B361600AD7B19 /* nice_music.ogg */; };
		2C00F08C1B0B361600AD7B19 /* sansation.ttf in Resources */ = {isa = PBXBuildFile; fileRef = 2C00F08B1B0B361600AD7B19 /* sansation.ttf */; };
		2C00F08E1B0B361600AD7B19 /* icon.png in Resources */ = {isa = PBXBuildFile; fileRef = 2C00F08D1B0B361600AD7B19 /* icon.png */; };
		2C0963A21B11BF2600794DD7 /* Enemy.cpp in Sources */ = {isa = PBXBuildFile; fileRef = 2C0963A01B11BF2600794DD7 /* Enemy.cpp */; };
		2C37A5AC1B0B66AB000D19C5 /* Bullet.cpp in Sources */ = {isa = PBXBuildFile; fileRef = 2C37A5AA1B0B66AB000D19C5 /* Bullet.cpp */; };
		2C830D321B15671800E4CC75 /* game_over.ogg in Resources */ = {isa = PBXBuildFile; fileRef = 2C830D311B15671800E4CC75 /* game_over.ogg */; };
		2C830D341B156CCF00E4CC75 /* Promses Broken Dream1.ttf in Resources */ = {isa = PBXBuildFile; fileRef = 2C830D331B156CCF00E4CC75 /* Promses Broken Dream1.ttf */; };
		2C91FC381B0B5C9300EEDA44 /* background.png in Resources */ = {isa = PBXBuildFile; fileRef = 2C91FC371B0B5C9300EEDA44 /* background.png */; };
		2C91FC3A1B0B5CA700EEDA44 /* shoot.png in Resources */ = {isa = PBXBuildFile; fileRef = 2C91FC391B0B5CA700EEDA44 /* shoot.png */; };
		2C91FC3C1B0B5CBC00EEDA44 /* game_music.ogg in Resources */ = {isa = PBXBuildFile; fileRef = 2C91FC3B1B0B5CBC00EEDA44 /* game_music.ogg */; };
		2C91FC3E1B0B5CEF00EEDA44 /* shoot.pack in Resources */ = {isa = PBXBuildFile; fileRef = 2C91FC3D1B0B5CEF00EEDA44 /* shoot.pack */; };
		2C91FC401B0B5ED200EEDA44 /* 主飞机.png in Resources */ = {isa = PBXBuildFile; fileRef = 2C91FC3F1B0B5ED200EEDA44 /* 主飞机.png */; };
		2C9AA7D61B11CFB70038C21C /* Enemy1.cpp in Sources */ = {isa = PBXBuildFile; fileRef = 2C9AA7D41B11CFB70038C21C /* Enemy1.cpp */; };
		2C9AA7D91B11D1390038C21C /* Army1.cpp in Sources */ = {isa = PBXBuildFile; fileRef = 2C9AA7D71B11D1390038C21C /* Army1.cpp */; };
		2CAD06681B142E2500B1BC55 /* Plane.cpp in Sources */ = {isa = PBXBuildFile; fileRef = 2CAD06671B142E2500B1BC55 /* Plane.cpp */; };
		2CAD066B1B142E4600B1BC55 /* Enemy2.cpp in Sources */ = {isa = PBXBuildFile; fileRef = 2CAD066A1B142E4600B1BC55 /* Enemy2.cpp */; };
		2CC641111B12DB86006E3F82 /* get_bomb.ogg in Resources */ = {isa = PBXBuildFile; fileRef = 2CC641101B12DB86006E3F82 /* get_bomb.ogg */; };
		2CC641131B12DD91006E3F82 /* bullet.ogg in Resources */ = {isa = PBXBuildFile; fileRef = 2CC641121B12DD91006E3F82 /* bullet.ogg */; };
		2CC641151B12DDE1006E3F82 /* enemy3_down.ogg in Resources */ = {isa = PBXBuildFile; fileRef = 2CC641141B12DDE1006E3F82 /* enemy3_down.ogg */; };
		2CD0489E1B11A0B900A3EE70 /* Army.cpp in Sources */ = {isa = PBXBuildFile; fileRef = 2CD0489C1B11A0B900A3EE70 /* Army.cpp */; };
		2CD602001B0B6C25006FB39F /* MyPlane.cpp in Sources */ = {isa = PBXBuildFile; fileRef = 2CD601FF1B0B6C25006FB39F /* MyPlane.cpp */; };
		2CD602031B0B75DE006FB39F /* Backgroud.cpp in Sources */ = {isa = PBXBuildFile; fileRef = 2CD602011B0B75DE006FB39F /* Backgroud.cpp */; };
		2CDF43451B0C7CB300279FFA /* Weapon.cpp in Sources */ = {isa = PBXBuildFile; fileRef = 2CDF43431B0C7CB300279FFA /* Weapon.cpp */; };
/* End PBXBuildFile section */

/* Begin PBXFileReference section */
		2C00F07C1B0B361600AD7B19 /* PlaneWar.app */ = {isa = PBXFileReference; explicitFileType = wrapper.application; includeInIndex = 0; path = PlaneWar.app; sourceTree = BUILT_PRODUCTS_DIR; };
		2C00F0801B0B361600AD7B19 /* PlaneWar-Info.plist */ = {isa = PBXFileReference; lastKnownFileType = text.plist.xml; path = "PlaneWar-Info.plist"; sourceTree = "<group>"; };
		2C00F0811B0B361600AD7B19 /* ResourcePath.mm */ = {isa = PBXFileReference; lastKnownFileType = sourcecode.cpp.objcpp; path = ResourcePath.mm; sourceTree = "<group>"; };
		2C00F0831B0B361600AD7B19 /* ResourcePath.hpp */ = {isa = PBXFileReference; lastKnownFileType = sourcecode.cpp.h; path = ResourcePath.hpp; sourceTree = "<group>"; };
		2C00F0841B0B361600AD7B19 /* main.cpp */ = {isa = PBXFileReference; lastKnownFileType = sourcecode.cpp.cpp; path = main.cpp; sourceTree = "<group>"; };
		2C00F0871B0B361600AD7B19 /* cute_image.jpg */ = {isa = PBXFileReference; lastKnownFileType = image.jpeg; path = cute_image.jpg; sourceTree = "<group>"; };
		2C00F0891B0B361600AD7B19 /* nice_music.ogg */ = {isa = PBXFileReference; lastKnownFileType = file; path = nice_music.ogg; sourceTree = "<group>"; };
		2C00F08B1B0B361600AD7B19 /* sansation.ttf */ = {isa = PBXFileReference; lastKnownFileType = file; path = sansation.ttf; sourceTree = "<group>"; };
		2C00F08D1B0B361600AD7B19 /* icon.png */ = {isa = PBXFileReference; lastKnownFileType = image.png; path = icon.png; sourceTree = "<group>"; };
		2C0963A01B11BF2600794DD7 /* Enemy.cpp */ = {isa = PBXFileReference; fileEncoding = 4; lastKnownFileType = sourcecode.cpp.cpp; path = Enemy.cpp; sourceTree = "<group>"; };
		2C0963A11B11BF2600794DD7 /* Enemy.h */ = {isa = PBXFileReference; fileEncoding = 4; lastKnownFileType = sourcecode.c.h; path = Enemy.h; sourceTree = "<group>"; };
		2C37A5AA1B0B66AB000D19C5 /* Bullet.cpp */ = {isa = PBXFileReference; fileEncoding = 4; lastKnownFileType = sourcecode.cpp.cpp; path = Bullet.cpp; sourceTree = "<group>"; };
		2C37A5AB1B0B66AB000D19C5 /* Bullet.h */ = {isa = PBXFileReference; fileEncoding = 4; lastKnownFileType = sourcecode.c.h; path = Bullet.h; sourceTree = "<group>"; };
		2C73CA5B1B183FED006C6141 /* Resources.h */ = {isa = PBXFileReference; fileEncoding = 4; lastKnownFileType = sourcecode.c.h; path = Resources.h; sourceTree = "<group>"; };
		2C830D311B15671800E4CC75 /* game_over.ogg */ = {isa = PBXFileReference; lastKnownFileType = file; path = game_over.ogg; sourceTree = "<group>"; };
		2C830D331B156CCF00E4CC75 /* Promses Broken Dream1.ttf */ = {isa = PBXFileReference; lastKnownFileType = file; path = "Promses Broken Dream1.ttf"; sourceTree = "<group>"; };
		2C91FC371B0B5C9300EEDA44 /* background.png */ = {isa = PBXFileReference; lastKnownFileType = image.png; path = background.png; sourceTree = "<group>"; };
		2C91FC391B0B5CA700EEDA44 /* shoot.png */ = {isa = PBXFileReference; lastKnownFileType = image.png; path = shoot.png; sourceTree = "<group>"; };
		2C91FC3B1B0B5CBC00EEDA44 /* game_music.ogg */ = {isa = PBXFileReference; lastKnownFileType = file; path = game_music.ogg; sourceTree = "<group>"; };
		2C91FC3D1B0B5CEF00EEDA44 /* shoot.pack */ = {isa = PBXFileReference; fileEncoding = 4; lastKnownFileType = text; path = shoot.pack; sourceTree = "<group>"; };
		2C91FC3F1B0B5ED200EEDA44 /* 主飞机.png */ = {isa = PBXFileReference; lastKnownFileType = image.png; path = "主飞机.png"; sourceTree = "<group>"; };
		2C91FC421B0B5F6300EEDA44 /* MyPlane.h */ = {isa = PBXFileReference; fileEncoding = 4; lastKnownFileType = sourcecode.c.h; path = MyPlane.h; sourceTree = "<group>"; };
		2C9AA7D41B11CFB70038C21C /* Enemy1.cpp */ = {isa = PBXFileReference; fileEncoding = 4; lastKnownFileType = sourcecode.cpp.cpp; path = Enemy1.cpp; sourceTree = "<group>"; };
		2C9AA7D51B11CFB70038C21C /* Enemy1.h */ = {isa = PBXFileReference; fileEncoding = 4; lastKnownFileType = sourcecode.c.h; path = Enemy1.h; sourceTree = "<group>"; };
		2C9AA7D71B11D1390038C21C /* Army1.cpp */ = {isa = PBXFileReference; fileEncoding = 4; lastKnownFileType = sourcecode.cpp.cpp; path = Army1.cpp; sourceTree = "<group>"; };
		2C9AA7D81B11D1390038C21C /* Army1.h */ = {isa = PBXFileReference; fileEncoding = 4; lastKnownFileType = sourcecode.c.h; path = Army1.h; sourceTree = "<group>"; };
		2CAD06671B142E2500B1BC55 /* Plane.cpp */ = {isa = PBXFileReference; fileEncoding = 4; lastKnownFileType = sourcecode.cpp.cpp; path = Plane.cpp; sourceTree = "<group>"; };
		2CAD06691B142E3600B1BC55 /* Enemy2.h */ = {isa = PBXFileReference; lastKnownFileType = sourcecode.c.h; path = Enemy2.h; sourceTree = "<group>"; };
		2CAD066A1B142E4600B1BC55 /* Enemy2.cpp */ = {isa = PBXFileReference; fileEncoding = 4; lastKnownFileType = sourcecode.cpp.cpp; path = Enemy2.cpp; sourceTree = "<group>"; };
		2CAD066C1B14337A00B1BC55 /* Plane.h */ = {isa = PBXFileReference; lastKnownFileType = sourcecode.c.h; path = Plane.h; sourceTree = "<group>"; };
		2CC641101B12DB86006E3F82 /* get_bomb.ogg */ = {isa = PBXFileReference; lastKnownFileType = file; path = get_bomb.ogg; sourceTree = "<group>"; };
		2CC641121B12DD91006E3F82 /* bullet.ogg */ = {isa = PBXFileReference; lastKnownFileType = file; path = bullet.ogg; sourceTree = "<group>"; };
		2CC641141B12DDE1006E3F82 /* enemy3_down.ogg */ = {isa = PBXFileReference; lastKnownFileType = file; path = enemy3_down.ogg; sourceTree = "<group>"; };
		2CD0489C1B11A0B900A3EE70 /* Army.cpp */ = {isa = PBXFileReference; fileEncoding = 4; lastKnownFileType = sourcecode.cpp.cpp; path = Army.cpp; sourceTree = "<group>"; };
		2CD0489D1B11A0B900A3EE70 /* Army.h */ = {isa = PBXFileReference; fileEncoding = 4; lastKnownFileType = sourcecode.c.h; path = Army.h; sourceTree = "<group>"; };
		2CD601FF1B0B6C25006FB39F /* MyPlane.cpp */ = {isa = PBXFileReference; fileEncoding = 4; lastKnownFileType = sourcecode.cpp.cpp; path = MyPlane.cpp; sourceTree = "<group>"; };
		2CD602011B0B75DE006FB39F /* Backgroud.cpp */ = {isa = PBXFileReference; fileEncoding = 4; lastKnownFileType = sourcecode.cpp.cpp; path = Backgroud.cpp; sourceTree = "<group>"; };
		2CD602021B0B75DE006FB39F /* Backgroud.h */ = {isa = PBXFileReference; fileEncoding = 4; lastKnownFileType = sourcecode.c.h; path = Backgroud.h; sourceTree = "<group>"; };
		2CDF43431B0C7CB300279FFA /* Weapon.cpp */ = {isa = PBXFileReference; fileEncoding = 4; lastKnownFileType = sourcecode.cpp.cpp; path = Weapon.cpp; sourceTree = "<group>"; };
		2CDF43441B0C7CB300279FFA /* Weapon.h */ = {isa = PBXFileReference; fileEncoding = 4; lastKnownFileType = sourcecode.c.h; path = Weapon.h; sourceTree = "<group>"; };
/* End PBXFileReference section */

/* Begin PBXFrameworksBuildPhase section */
		2C00F0781B0B361600AD7B19 /* Frameworks */ = {
			isa = PBXFrameworksBuildPhase;
			buildActionMask = 2147483647;
			files = (
			);
			runOnlyForDeploymentPostprocessing = 0;
		};
/* End PBXFrameworksBuildPhase section */

/* Begin PBXGroup section */
		2C00F0721B0B361600AD7B19 = {
			isa = PBXGroup;
			children = (
				2C00F07E1B0B361600AD7B19 /* PlaneWar */,
				2C00F07D1B0B361600AD7B19 /* Products */,
			);
			sourceTree = "<group>";
		};
		2C00F07D1B0B361600AD7B19 /* Products */ = {
			isa = PBXGroup;
			children = (
				2C00F07C1B0B361600AD7B19 /* PlaneWar.app */,
			);
			name = Products;
			sourceTree = "<group>";
		};
		2C00F07E1B0B361600AD7B19 /* PlaneWar */ = {
			isa = PBXGroup;
			children = (
				2CAD066A1B142E4600B1BC55 /* Enemy2.cpp */,
				2CAD06671B142E2500B1BC55 /* Plane.cpp */,
				2CAD066C1B14337A00B1BC55 /* Plane.h */,
				2CAD06691B142E3600B1BC55 /* Enemy2.h */,
				2C9AA7D41B11CFB70038C21C /* Enemy1.cpp */,
				2C9AA7D51B11CFB70038C21C /* Enemy1.h */,
				2C0963A01B11BF2600794DD7 /* Enemy.cpp */,
				2C0963A11B11BF2600794DD7 /* Enemy.h */,
				2CD602011B0B75DE006FB39F /* Backgroud.cpp */,
				2CD602021B0B75DE006FB39F /* Backgroud.h */,
				2CD0489C1B11A0B900A3EE70 /* Army.cpp */,
				2CD0489D1B11A0B900A3EE70 /* Army.h */,
				2C00F0811B0B361600AD7B19 /* ResourcePath.mm */,
				2C00F0831B0B361600AD7B19 /* ResourcePath.hpp */,
				2C00F0841B0B361600AD7B19 /* main.cpp */,
				2CDF43431B0C7CB300279FFA /* Weapon.cpp */,
				2CDF43441B0C7CB300279FFA /* Weapon.h */,
				2C37A5AA1B0B66AB000D19C5 /* Bullet.cpp */,
				2CD601FF1B0B6C25006FB39F /* MyPlane.cpp */,
				2C37A5AB1B0B66AB000D19C5 /* Bullet.h */,
				2C73CA5B1B183FED006C6141 /* Resources.h */,
				2C91FC421B0B5F6300EEDA44 /* MyPlane.h */,
				2C00F0861B0B361600AD7B19 /* Resources */,
				2C00F07F1B0B361600AD7B19 /* Supporting Files */,
				2C9AA7D71B11D1390038C21C /* Army1.cpp */,
				2C9AA7D81B11D1390038C21C /* Army1.h */,
			);
			path = PlaneWar;
			sourceTree = "<group>";
		};
		2C00F07F1B0B361600AD7B19 /* Supporting Files */ = {
			isa = PBXGroup;
			children = (
				2C00F0801B0B361600AD7B19 /* PlaneWar-Info.plist */,
			);
			name = "Supporting Files";
			sourceTree = "<group>";
		};
		2C00F0861B0B361600AD7B19 /* Resources */ = {
			isa = PBXGroup;
			children = (
				2C830D331B156CCF00E4CC75 /* Promses Broken Dream1.ttf */,
				2C830D311B15671800E4CC75 /* game_over.ogg */,
				2CC641141B12DDE1006E3F82 /* enemy3_down.ogg */,
				2CC641121B12DD91006E3F82 /* bullet.ogg */,
				2CC641101B12DB86006E3F82 /* get_bomb.ogg */,
				2C00F0871B0B361600AD7B19 /* cute_image.jpg */,
				2C91FC391B0B5CA700EEDA44 /* shoot.png */,
				2C91FC3B1B0B5CBC00EEDA44 /* game_music.ogg */,
				2C91FC3D1B0B5CEF00EEDA44 /* shoot.pack */,
				2C00F0891B0B361600AD7B19 /* nice_music.ogg */,
				2C91FC3F1B0B5ED200EEDA44 /* 主飞机.png */,
				2C00F08B1B0B361600AD7B19 /* sansation.ttf */,
				2C91FC371B0B5C9300EEDA44 /* background.png */,
				2C00F08D1B0B361600AD7B19 /* icon.png */,
			);
			name = Resources;
			sourceTree = "<group>";
		};
/* End PBXGroup section */

/* Begin PBXNativeTarget section */
		2C00F07B1B0B361600AD7B19 /* PlaneWar */ = {
			isa = PBXNativeTarget;
			buildConfigurationList = 2C00F0911B0B361600AD7B19 /* Build configuration list for PBXNativeTarget "PlaneWar" */;
			buildPhases = (
				2C00F0771B0B361600AD7B19 /* Sources */,
				2C00F0781B0B361600AD7B19 /* Frameworks */,
				2C00F0791B0B361600AD7B19 /* Resources */,
				2C00F07A1B0B361600AD7B19 /* ShellScript */,
			);
			buildRules = (
			);
			dependencies = (
			);
			name = PlaneWar;
			productName = PlaneWar;
			productReference = 2C00F07C1B0B361600AD7B19 /* PlaneWar.app */;
			productType = "com.apple.product-type.application";
		};
/* End PBXNativeTarget section */

/* Begin PBXProject section */
		2C00F0731B0B361600AD7B19 /* Project object */ = {
			isa = PBXProject;
			attributes = {
				LastUpgradeCheck = 0630;
				ORGANIZATIONNAME = "徐 BOWEI";
				TargetAttributes = {
					2C00F07B1B0B361600AD7B19 = {
						CreatedOnToolsVersion = 6.3.1;
					};
				};
			};
			buildConfigurationList = 2C00F0761B0B361600AD7B19 /* Build configuration list for PBXProject "PlaneWar" */;
			compatibilityVersion = "Xcode 3.2";
			developmentRegion = English;
			hasScannedForEncodings = 0;
			knownRegions = (
				en,
			);
			mainGroup = 2C00F0721B0B361600AD7B19;
			productRefGroup = 2C00F07D1B0B361600AD7B19 /* Products */;
			projectDirPath = "";
			projectRoot = "";
			targets = (
				2C00F07B1B0B361600AD7B19 /* PlaneWar */,
			);
		};
/* End PBXProject section */

/* Begin PBXResourcesBuildPhase section */
		2C00F0791B0B361600AD7B19 /* Resources */ = {
			isa = PBXResourcesBuildPhase;
			buildActionMask = 2147483647;
			files = (
				2CC641111B12DB86006E3F82 /* get_bomb.ogg in Resources */,
				2C00F08E1B0B361600AD7B19 /* icon.png in Resources */,
				2CC641151B12DDE1006E3F82 /* enemy3_down.ogg in Resources */,
				2C91FC3A1B0B5CA700EEDA44 /* shoot.png in Resources */,
				2CC641131B12DD91006E3F82 /* bullet.ogg in Resources */,
				2C91FC381B0B5C9300EEDA44 /* background.png in Resources */,
				2C00F08C1B0B361600AD7B19 /* sansation.ttf in Resources */,
				2C91FC3E1B0B5CEF00EEDA44 /* shoot.pack in Resources */,
				2C00F08A1B0B361600AD7B19 /* nice_music.ogg in Resources */,
				2C91FC401B0B5ED200EEDA44 /* 主飞机.png in Resources */,
				2C00F0881B0B361600AD7B19 /* cute_image.jpg in Resources */,
				2C830D321B15671800E4CC75 /* game_over.ogg in Resources */,
				2C91FC3C1B0B5CBC00EEDA44 /* game_music.ogg in Resources */,
				2C830D341B156CCF00E4CC75 /* Promses Broken Dream1.ttf in Resources */,
			);
			runOnlyForDeploymentPostprocessing = 0;
		};
/* End PBXResourcesBuildPhase section */

/* Begin PBXShellScriptBuildPhase section */
		2C00F07A1B0B361600AD7B19 /* ShellScript */ = {
			isa = PBXShellScriptBuildPhase;
			buildActionMask = 2147483647;
			files = (
			);
			inputPaths = (
			);
			outputPaths = (
			);
			runOnlyForDeploymentPostprocessing = 0;
			shellPath = /bin/sh;
			shellScript = "# This shell script simply copies required SFML dylibs/frameworks into the application bundle frameworks folder.\n# If you're using static libraries (which is not recommended) you should remove this script from your project.\n\n# SETTINGS\nCMAKE_INSTALL_FRAMEWORK_PREFIX=\"/Library/Frameworks\"\nCMAKE_INSTALL_LIB_PREFIX=\"/usr/local/lib\"\nFRAMEWORKS_FULL_PATH=\"$BUILT_PRODUCTS_DIR/$FRAMEWORKS_FOLDER_PATH/\"\n\n# Are we building a project that uses frameworks or dylibs?\ncase \"$SFML_BINARY_TYPE\" in\n    DYLIBS)\n        frameworks=\"false\"\n        ;;\n    *)\n        frameworks=\"true\"\n        ;;\nesac\n\n# Echoes to stderr\nerror () # $* message to display\n{\n    echo $* 1>&2\n    exit 2\n}\n\nassert () # $1 is a boolean, $2...N is an error message\n{\n    if [ $# -lt 2 ]\n    then\n        error \"Internal error in assert: not enough args\"\n    fi\n\n    if [ $1 -ne 0 ]\n    then\n        shift\n        error \"$*\"\n    fi\n}\n\nforce_remove () # $@ is some paths\n{\n    test $# -ge 1\n    assert $? \"force_remove() requires at least one parameter\"\n    rm -fr $@\n    assert $? \"couldn't remove $@\"\n}\n\ncopy () # $1 is a source, $2 is a destination\n{\n    test $# -eq 2\n    assert $? \"copy() requires two parameters\"\n    ditto \"$1\" \"$2\"\n    assert $? \"couldn't copy $1 to $2\"\n}\n\nrequire () # $1 is a SFML module like 'system' or 'audio'\n{\n    dest=\"$BUILT_PRODUCTS_DIR/$FRAMEWORKS_FOLDER_PATH/\"\n\n    if [ -z \"$1\" ]\n    then\n        error \"require() requires one parameter!\"\n    else\n        # clean potentially old stuff\n        force_remove \"$dest/libsfml-$1\"*\n        force_remove \"$dest/sfml-$1.framework\"\n\n        # copy SFML libraries\n        if [ \"$frameworks\" = \"true\" ]\n        then\n            source=\"$CMAKE_INSTALL_FRAMEWORK_PREFIX/sfml-$1.framework\"\n            target=\"sfml-$1.framework\"\n        elif [ \"$SFML_LINK_DYLIBS_SUFFIX\" = \"-d\" ]\n        then\n            source=\"$CMAKE_INSTALL_LIB_PREFIX/libsfml-$1-d.dylib\"\n            target=\"`readlink $source`\"\n        else\n            source=\"$CMAKE_INSTALL_LIB_PREFIX/libsfml-$1.dylib\"\n            target=\"`readlink $source`\"\n        fi\n\n        copy \"$source\" \"$dest/$target\"\n\n        # copy extra dependencies\n        if [ \"$1\" = \"audio\" ]\n        then\n            # copy \"FLAC\" \"ogg\" \"vorbis\" \"vorbisenc\" \"vorbisfile\" \"OpenAL\" frameworks too\n            for f in \"FLAC\" \"ogg\" \"vorbis\" \"vorbisenc\" \"vorbisfile\" \"OpenAL\"\n            do\n                copy \"$CMAKE_INSTALL_FRAMEWORK_PREFIX/$f.framework\" \"$dest/$f.framework\"\n            done\n        elif [ \"$1\" = \"graphics\" ]\n        then\n            copy \"$CMAKE_INSTALL_FRAMEWORK_PREFIX/freetype.framework\" \"$dest/freetype.framework\"\n        fi\n    fi\n}\n\nif [ -n \"$SFML_SYSTEM\" ]\nthen\n    require \"system\"\nfi\n\nif [ -n \"$SFML_AUDIO\" ]\nthen\n    require \"audio\"\nfi\n\nif [ -n \"$SFML_NETWORK\" ]\nthen\n    require \"network\"\nfi\n\nif [ -n \"$SFML_WINDOW\" ]\nthen\n    require \"window\"\nfi\n\nif [ -n \"$SFML_GRAPHICS\" ]\nthen\n    require \"graphics\"\nfi\n\n                ";
		};
/* End PBXShellScriptBuildPhase section */

/* Begin PBXSourcesBuildPhase section */
		2C00F0771B0B361600AD7B19 /* Sources */ = {
			isa = PBXSourcesBuildPhase;
			buildActionMask = 2147483647;
			files = (
				2C0963A21B11BF2600794DD7 /* Enemy.cpp in Sources */,
				2CD602031B0B75DE006FB39F /* Backgroud.cpp in Sources */,
				2CAD06681B142E2500B1BC55 /* Plane.cpp in Sources */,
				2CDF43451B0C7CB300279FFA /* Weapon.cpp in Sources */,
				2CD0489E1B11A0B900A3EE70 /* Army.cpp in Sources */,
				2C9AA7D61B11CFB70038C21C /* Enemy1.cpp in Sources */,
				2C00F0851B0B361600AD7B19 /* main.cpp in Sources */,
				2C00F0821B0B361600AD7B19 /* ResourcePath.mm in Sources */,
				2CD602001B0B6C25006FB39F /* MyPlane.cpp in Sources */,
				2C9AA7D91B11D1390038C21C /* Army1.cpp in Sources */,
				2CAD066B1B142E4600B1BC55 /* Enemy2.cpp in Sources */,
				2C37A5AC1B0B66AB000D19C5 /* Bullet.cpp in Sources */,
			);
			runOnlyForDeploymentPostprocessing = 0;
		};
/* End PBXSourcesBuildPhase section */

/* Begin XCBuildConfiguration section */
		2C00F08F1B0B361600AD7B19 /* Debug */ = {
			isa = XCBuildConfiguration;
			buildSettings = {
				ARCHS = (
					i386,
					x86_64,
				);
				CLANG_CXX_LANGUAGE_STANDARD = "c++0x";
				CLANG_CXX_LIBRARY = "libc++";
				FRAMEWORK_SEARCH_PATHS = (
					/Library/Frameworks/,
					"$(inherited)",
				);
				GCC_VERSION = com.apple.compilers.llvm.clang.1_0;
				HEADER_SEARCH_PATHS = (
					/usr/local/include/,
					"$(inherited)",
				);
				LIBRARY_SEARCH_PATHS = (
					/usr/local/lib/,
					"$(inherited)",
				);
				MACOSX_DEPLOYMENT_TARGET = 10.7;
				OTHER_LDFLAGS = (
					"$(inherited)",
					"$(SFML_SYSTEM)",
					"$(SFML_WINDOW)",
					"$(SFML_GRAPHICS)",
					"$(SFML_AUDIO)",
					"$(SFML_NETWORK)",
				);
				SFML_AUDIO = "$(SFML_LINK_PREFIX) sfml-audio$(SFML_LINK_SUFFIX)";
				SFML_BINARY_TYPE = FRAMEWORKS;
				SFML_GRAPHICS = "$(SFML_LINK_PREFIX) sfml-graphics$(SFML_LINK_SUFFIX)";
				SFML_LINK_DYLIBS_PREFIX = "-l";
				SFML_LINK_DYLIBS_SUFFIX = "";
				SFML_LINK_FRAMEWORKS_PREFIX = "-framework";
				SFML_LINK_FRAMEWORKS_SUFFIX = "";
				SFML_LINK_PREFIX = "$(SFML_LINK_$(SFML_BINARY_TYPE)_PREFIX)";
				SFML_LINK_SUFFIX = "$(SFML_LINK_$(SFML_BINARY_TYPE)_SUFFIX)";
				SFML_NETWORK = "$(SFML_LINK_PREFIX) sfml-network$(SFML_LINK_SUFFIX)";
				SFML_SYSTEM = "$(SFML_LINK_PREFIX) sfml-system$(SFML_LINK_SUFFIX)";
				SFML_WINDOW = "$(SFML_LINK_PREFIX) sfml-window$(SFML_LINK_SUFFIX)";
				SUPPORTED_PLATFORMS = macosx;
			};
			name = Debug;
		};
		2C00F0901B0B361600AD7B19 /* Release */ = {
			isa = XCBuildConfiguration;
			buildSettings = {
				ARCHS = (
					i386,
					x86_64,
				);
				CLANG_CXX_LANGUAGE_STANDARD = "c++0x";
				CLANG_CXX_LIBRARY = "libc++";
				FRAMEWORK_SEARCH_PATHS = (
					/Library/Frameworks/,
					"$(inherited)",
				);
				GCC_VERSION = com.apple.compilers.llvm.clang.1_0;
				HEADER_SEARCH_PATHS = (
					/usr/local/include/,
					"$(inherited)",
				);
				LIBRARY_SEARCH_PATHS = (
					/usr/local/lib/,
					"$(inherited)",
				);
				MACOSX_DEPLOYMENT_TARGET = 10.7;
				OTHER_LDFLAGS = (
					"$(inherited)",
					"$(SFML_SYSTEM)",
					"$(SFML_WINDOW)",
					"$(SFML_GRAPHICS)",
					"$(SFML_AUDIO)",
					"$(SFML_NETWORK)",
				);
				SFML_AUDIO = "$(SFML_LINK_PREFIX) sfml-audio$(SFML_LINK_SUFFIX)";
				SFML_BINARY_TYPE = FRAMEWORKS;
				SFML_GRAPHICS = "$(SFML_LINK_PREFIX) sfml-graphics$(SFML_LINK_SUFFIX)";
				SFML_LINK_DYLIBS_PREFIX = "-l";
				SFML_LINK_DYLIBS_SUFFIX = "";
				SFML_LINK_FRAMEWORKS_PREFIX = "-framework";
				SFML_LINK_FRAMEWORKS_SUFFIX = "";
				SFML_LINK_PREFIX = "$(SFML_LINK_$(SFML_BINARY_TYPE)_PREFIX)";
				SFML_LINK_SUFFIX = "$(SFML_LINK_$(SFML_BINARY_TYPE)_SUFFIX)";
				SFML_NETWORK = "$(SFML_LINK_PREFIX) sfml-network$(SFML_LINK_SUFFIX)";
				SFML_SYSTEM = "$(SFML_LINK_PREFIX) sfml-system$(SFML_LINK_SUFFIX)";
				SFML_WINDOW = "$(SFML_LINK_PREFIX) sfml-window$(SFML_LINK_SUFFIX)";
				SUPPORTED_PLATFORMS = macosx;
			};
			name = Release;
		};
		2C00F0921B0B361600AD7B19 /* Debug */ = {
			isa = XCBuildConfiguration;
			buildSettings = {
				INFOPLIST_FILE = "PlaneWar/PlaneWar-Info.plist";
				LD_RUNPATH_SEARCH_PATHS = "@loader_path/../Frameworks";
				PRODUCT_NAME = "$(TARGET_NAME)";
			};
			name = Debug;
		};
		2C00F0931B0B361600AD7B19 /* Release */ = {
			isa = XCBuildConfiguration;
			buildSettings = {
				INFOPLIST_FILE = "PlaneWar/PlaneWar-Info.plist";
				LD_RUNPATH_SEARCH_PATHS = "@loader_path/../Frameworks";
				PRODUCT_NAME = "$(TARGET_NAME)";
			};
			name = Release;
		};
/* End XCBuildConfiguration section */

/* Begin XCConfigurationList section */
		2C00F0761B0B361600AD7B19 /* Build configuration list for PBXProject "PlaneWar" */ = {
			isa = XCConfigurationList;
			buildConfigurations = (
				2C00F08F1B0B361600AD7B19 /* Debug */,
				2C00F0901B0B361600AD7B19 /* Release */,
			);
			defaultConfigurationIsVisible = 0;
			defaultConfigurationName = Release;
		};
		2C00F0911B0B361600AD7B19 /* Build configuration list for PBXNativeTarget "PlaneWar" */ = {
			isa = XCConfigurationList;
			buildConfigurations = (
				2C00F0921B0B361600AD7B19 /* Debug */,
				2C00F0931B0B361600AD7B19 /* Release */,
			);
			defaultConfigurationIsVisible = 0;
			defaultConfigurationName = Release;
		};
/* End XCConfigurationList section */
	};
	rootObject = 2C00F0731B0B361600AD7B19 /* Project object */;
}
